
Microsoft Visual Studio Solution File, Format Version 12.00
# Visual Studio Version 16
VisualStudioVersion = 16.0.29209.62
MinimumVisualStudioVersion = 10.0.40219.1
Project("{FAE04EC0-301F-11D3-BF4B-00C04F79EFBC}") = "Istagrow", "Istagrow.csproj", "{AE962563-BDD4-436C-959E-F6DA95C2FCC7}"
EndProject
Global
	GlobalSection(SolutionConfigurationPlatforms) = preSolution
		Debug|Any CPU = Debug|Any CPU
		Release|Any CPU = Release|Any CPU
	EndGlobalSection
	GlobalSection(ProjectConfigurationPlatforms) = postSolution
		{AE962563-BDD4-436C-959E-F6DA95C2FCC7}.Debug|Any CPU.ActiveCfg = Debug|Any CPU
		{AE962563-BDD4-436C-959E-F6DA95C2FCC7}.Debug|Any CPU.Build.0 = Debug|Any CPU
		{AE962563-BDD4-436C-959E-F6DA95C2FCC7}.Release|Any CPU.ActiveCfg = Release|Any CPU
		{AE962563-BDD4-436C-959E-F6DA95C2FCC7}.Release|Any CPU.Build.0 = Release|Any CPU
	EndGlobalSection
	GlobalSection(SolutionProperties) = preSolution
		HideSolutionNode = FALSE
	EndGlobalSection
	GlobalSection(ExtensibilityGlobals) = postSolution
		SolutionGuid = {AC3AE5CE-8FA6-4385-B77D-8B8488297B27}
	EndGlobalSection
EndGlobal
